{
  "version": 4,
  "terraform_version": "1.6.5",
  "serial": 30,
  "lineage": "bd057f3b-6de4-fba2-69f6-c836cc0e73c7",
  "outputs": {
    "BD_resource_DEV": {
      "value": "BD_HR_DEV",
      "type": "string"
    },
    "BD_resource_PRO": {
      "value": "BD_HR_PRO",
      "type": "string"
    }
  },
  "resources": [
    {
      "mode": "managed",
      "type": "snowflake_database",
      "name": "BD_HR_DEV",
      "provider": "provider[\"registry.terraform.io/snowflake-labs/snowflake\"]",
      "instances": [
        {
          "schema_version": 0,
          "attributes": {
            "comment": "DB of developers",
            "data_retention_time_in_days": 2,
            "from_database": null,
            "from_replica": null,
            "from_share": null,
            "id": "BD_HR_DEV",
            "is_transient": false,
            "name": "BD_HR_DEV",
            "replication_configuration": []
          },
          "sensitive_attributes": [],
          "private": "bnVsbA=="
        }
      ]
    },
    {
      "mode": "managed",
      "type": "snowflake_database",
      "name": "BD_HR_PRO",
      "provider": "provider[\"registry.terraform.io/snowflake-labs/snowflake\"]",
      "instances": [
        {
          "schema_version": 0,
          "attributes": {
            "comment": "DB for production",
            "data_retention_time_in_days": 4,
            "from_database": null,
            "from_replica": null,
            "from_share": null,
            "id": "BD_HR_PRO",
            "is_transient": false,
            "name": "BD_HR_PRO",
            "replication_configuration": []
          },
          "sensitive_attributes": [],
          "private": "bnVsbA=="
        }
      ]
    },
    {
      "mode": "managed",
      "type": "snowflake_grant_privileges_to_role",
      "name": "Analyst_create_privileges",
      "provider": "provider[\"registry.terraform.io/snowflake-labs/snowflake\"]",
      "instances": [
        {
          "schema_version": 0,
          "attributes": {
            "all_privileges": false,
            "id": "Analyst|CREATE TABLE|false|false|false|false|true|false|true|false||||false||true|BD_HR_PRO",
            "on_account": false,
            "on_account_object": [],
            "on_schema": [
              {
                "all_schemas_in_database": "BD_HR_PRO",
                "future_schemas_in_database": "",
                "schema_name": ""
              }
            ],
            "on_schema_object": [],
            "privileges": [
              "CREATE TABLE"
            ],
            "role_name": "Analyst",
            "with_grant_option": false
          },
          "sensitive_attributes": [],
          "private": "bnVsbA==",
          "dependencies": [
            "snowflake_database.BD_HR_PRO",
            "snowflake_role.Analyst"
          ]
        }
      ]
    },
    {
      "mode": "managed",
      "type": "snowflake_grant_privileges_to_role",
      "name": "Analyst_insert_privileges",
      "provider": "provider[\"registry.terraform.io/snowflake-labs/snowflake\"]",
      "instances": [
        {
          "schema_version": 0,
          "attributes": {
            "all_privileges": false,
            "id": "Analyst|INSERT|false|false|false|false|false|true|true|false|||TABLES|false||true|BD_HR_PRO",
            "on_account": false,
            "on_account_object": [],
            "on_schema": [],
            "on_schema_object": [
              {
                "all": [
                  {
                    "in_database": "BD_HR_PRO",
                    "in_schema": "",
                    "object_type_plural": "TABLES"
                  }
                ],
                "future": [],
                "object_name": "",
                "object_type": ""
              }
            ],
            "privileges": [
              "INSERT"
            ],
            "role_name": "Analyst",
            "with_grant_option": false
          },
          "sensitive_attributes": [],
          "private": "bnVsbA==",
          "dependencies": [
            "snowflake_database.BD_HR_PRO",
            "snowflake_role.Analyst"
          ]
        }
      ]
    },
    {
      "mode": "managed",
      "type": "snowflake_grant_privileges_to_role",
      "name": "developer_create_privileges_dev",
      "provider": "provider[\"registry.terraform.io/snowflake-labs/snowflake\"]",
      "instances": [
        {
          "schema_version": 0,
          "attributes": {
            "all_privileges": false,
            "id": "Developer|MODIFY,CREATE TABLE,CREATE VIEW|false|false|false|false|true|false|true|false||||false||true|BD_HR_DEV",
            "on_account": false,
            "on_account_object": [],
            "on_schema": [
              {
                "all_schemas_in_database": "BD_HR_DEV",
                "future_schemas_in_database": "",
                "schema_name": ""
              }
            ],
            "on_schema_object": [],
            "privileges": [
              "CREATE TABLE",
              "CREATE VIEW",
              "MODIFY"
            ],
            "role_name": "Developer",
            "with_grant_option": false
          },
          "sensitive_attributes": [],
          "private": "bnVsbA==",
          "dependencies": [
            "snowflake_database.BD_HR_DEV",
            "snowflake_role.Developer"
          ]
        }
      ]
    },
    {
      "mode": "managed",
      "type": "snowflake_grant_privileges_to_role",
      "name": "developer_delete_privileges_dev",
      "provider": "provider[\"registry.terraform.io/snowflake-labs/snowflake\"]",
      "instances": [
        {
          "schema_version": 0,
          "attributes": {
            "all_privileges": false,
            "id": "Analyst|DELETE|false|false|false|false|false|true|true|false|||TABLES|false||true|BD_HR_DEV",
            "on_account": false,
            "on_account_object": [],
            "on_schema": [],
            "on_schema_object": [
              {
                "all": [
                  {
                    "in_database": "BD_HR_DEV",
                    "in_schema": "",
                    "object_type_plural": "TABLES"
                  }
                ],
                "future": [],
                "object_name": "",
                "object_type": ""
              }
            ],
            "privileges": [
              "DELETE"
            ],
            "role_name": "Analyst",
            "with_grant_option": false
          },
          "sensitive_attributes": [],
          "private": "bnVsbA==",
          "dependencies": [
            "snowflake_database.BD_HR_DEV",
            "snowflake_role.Analyst"
          ]
        }
      ]
    },
    {
      "mode": "managed",
      "type": "snowflake_grant_privileges_to_role",
      "name": "developer_privileges_pro",
      "provider": "provider[\"registry.terraform.io/snowflake-labs/snowflake\"]",
      "instances": [
        {
          "schema_version": 0,
          "attributes": {
            "all_privileges": false,
            "id": "Developer|UPDATE|false|false|false|false|false|true|true|false|||TABLES|false||true|BD_HR_PRO",
            "on_account": false,
            "on_account_object": [],
            "on_schema": [],
            "on_schema_object": [
              {
                "all": [
                  {
                    "in_database": "BD_HR_PRO",
                    "in_schema": "",
                    "object_type_plural": "TABLES"
                  }
                ],
                "future": [],
                "object_name": "",
                "object_type": ""
              }
            ],
            "privileges": [
              "UPDATE"
            ],
            "role_name": "Developer",
            "with_grant_option": false
          },
          "sensitive_attributes": [],
          "private": "bnVsbA==",
          "dependencies": [
            "snowflake_database.BD_HR_PRO",
            "snowflake_role.Developer"
          ]
        }
      ]
    },
    {
      "mode": "managed",
      "type": "snowflake_resource_monitor",
      "name": "Monitor_ACCOUNT",
      "provider": "provider[\"registry.terraform.io/snowflake-labs/snowflake\"]",
      "instances": [
        {
          "schema_version": 0,
          "attributes": {
            "credit_quota": 20,
            "end_timestamp": "",
            "frequency": "DAILY",
            "id": "Monitor_ACCOUNT",
            "name": "Monitor_ACCOUNT",
            "notify_triggers": [
              60,
              75
            ],
            "notify_users": [
              "PABLOTERRAFORM"
            ],
            "set_for_account": true,
            "start_timestamp": "2024-01-02T13:54:58.523+01:00",
            "suspend_immediate_trigger": 95,
            "suspend_immediate_triggers": null,
            "suspend_trigger": 85,
            "suspend_triggers": null,
            "warehouses": null
          },
          "sensitive_attributes": [],
          "private": "bnVsbA=="
        }
      ]
    },
    {
      "mode": "managed",
      "type": "snowflake_resource_monitor",
      "name": "Monitor_DEV",
      "provider": "provider[\"registry.terraform.io/snowflake-labs/snowflake\"]",
      "instances": [
        {
          "schema_version": 0,
          "attributes": {
            "credit_quota": 6,
            "end_timestamp": "",
            "frequency": "DAILY",
            "id": "Monitor_DEV",
            "name": "Monitor_DEV",
            "notify_triggers": [
              60,
              75
            ],
            "notify_users": [
              "PABLOTERRAFORM"
            ],
            "set_for_account": false,
            "start_timestamp": "2024-01-02T13:54:59.564+01:00",
            "suspend_immediate_trigger": 95,
            "suspend_immediate_triggers": null,
            "suspend_trigger": 85,
            "suspend_triggers": null,
            "warehouses": [
              "WH_DEV"
            ]
          },
          "sensitive_attributes": [],
          "private": "bnVsbA==",
          "dependencies": [
            "snowflake_warehouse.WH_DEV"
          ]
        }
      ]
    },
    {
      "mode": "managed",
      "type": "snowflake_resource_monitor",
      "name": "Monitor_PRO",
      "provider": "provider[\"registry.terraform.io/snowflake-labs/snowflake\"]",
      "instances": [
        {
          "schema_version": 0,
          "attributes": {
            "credit_quota": 14,
            "end_timestamp": "",
            "frequency": "DAILY",
            "id": "Monitor_PRO",
            "name": "Monitor_PRO",
            "notify_triggers": [
              60,
              75
            ],
            "notify_users": [
              "PABLOTERRAFORM"
            ],
            "set_for_account": false,
            "start_timestamp": "2024-01-02T13:55:00.435+01:00",
            "suspend_immediate_trigger": 95,
            "suspend_immediate_triggers": null,
            "suspend_trigger": 85,
            "suspend_triggers": null,
            "warehouses": [
              "WH_PRO"
            ]
          },
          "sensitive_attributes": [],
          "private": "bnVsbA==",
          "dependencies": [
            "snowflake_warehouse.WH_PRO"
          ]
        }
      ]
    },
    {
      "mode": "managed",
      "type": "snowflake_role",
      "name": "Analyst",
      "provider": "provider[\"registry.terraform.io/snowflake-labs/snowflake\"]",
      "instances": [
        {
          "schema_version": 0,
          "attributes": {
            "comment": "This role is especific for the user data work in data analyst",
            "id": "Analyst",
            "name": "Analyst",
            "tag": []
          },
          "sensitive_attributes": [],
          "private": "bnVsbA=="
        }
      ]
    },
    {
      "mode": "managed",
      "type": "snowflake_role",
      "name": "Developer",
      "provider": "provider[\"registry.terraform.io/snowflake-labs/snowflake\"]",
      "instances": [
        {
          "schema_version": 0,
          "attributes": {
            "comment": "This role is for the user that are developers",
            "id": "Developer",
            "name": "Developer",
            "tag": []
          },
          "sensitive_attributes": [],
          "private": "bnVsbA=="
        }
      ]
    },
    {
      "mode": "managed",
      "type": "snowflake_role",
      "name": "Platform_Admin",
      "provider": "provider[\"registry.terraform.io/snowflake-labs/snowflake\"]",
      "instances": [
        {
          "schema_version": 0,
          "attributes": {
            "comment": "This role is for the user that have all control",
            "id": "Platform_Admin",
            "name": "Platform_Admin",
            "tag": []
          },
          "sensitive_attributes": [],
          "private": "bnVsbA=="
        }
      ]
    },
    {
      "mode": "managed",
      "type": "snowflake_role_grants",
      "name": "grants_Analyst",
      "provider": "provider[\"registry.terraform.io/snowflake-labs/snowflake\"]",
      "instances": [
        {
          "schema_version": 0,
          "attributes": {
            "enable_multiple_grants": false,
            "id": "Analyst||JOHNNY",
            "role_name": "Analyst",
            "roles": null,
            "users": [
              "JOHNNY"
            ]
          },
          "sensitive_attributes": [
            [
              {
                "type": "get_attr",
                "value": "users"
              }
            ]
          ],
          "private": "bnVsbA==",
          "dependencies": [
            "snowflake_role.Analyst",
            "snowflake_user.JOHNNY"
          ]
        }
      ]
    },
    {
      "mode": "managed",
      "type": "snowflake_role_grants",
      "name": "grants_Developers",
      "provider": "provider[\"registry.terraform.io/snowflake-labs/snowflake\"]",
      "instances": [
        {
          "schema_version": 0,
          "attributes": {
            "enable_multiple_grants": false,
            "id": "Developer||SARAH",
            "role_name": "Developer",
            "roles": null,
            "users": [
              "SARAH"
            ]
          },
          "sensitive_attributes": [
            [
              {
                "type": "get_attr",
                "value": "users"
              }
            ]
          ],
          "private": "bnVsbA==",
          "dependencies": [
            "snowflake_role.Developer",
            "snowflake_user.SARAH"
          ]
        }
      ]
    },
    {
      "mode": "managed",
      "type": "snowflake_role_grants",
      "name": "grants_Platform_Admin",
      "provider": "provider[\"registry.terraform.io/snowflake-labs/snowflake\"]",
      "instances": [
        {
          "schema_version": 0,
          "attributes": {
            "enable_multiple_grants": false,
            "id": "Platform_Admin|ACCOUNTADMIN|MIKE",
            "role_name": "Platform_Admin",
            "roles": [
              "ACCOUNTADMIN"
            ],
            "users": [
              "MIKE"
            ]
          },
          "sensitive_attributes": [
            [
              {
                "type": "get_attr",
                "value": "users"
              }
            ]
          ],
          "private": "bnVsbA==",
          "dependencies": [
            "snowflake_role.Platform_Admin",
            "snowflake_user.MIKE"
          ]
        }
      ]
    },
    {
      "mode": "managed",
      "type": "snowflake_schema",
      "name": "SC_HR_F_DEV",
      "provider": "provider[\"registry.terraform.io/snowflake-labs/snowflake\"]",
      "instances": [
        {
          "schema_version": 0,
          "attributes": {
            "comment": "This is the schema for F of DB-DEV",
            "data_retention_days": 2,
            "database": "BD_HR_DEV",
            "id": "BD_HR_DEV|SC_HR_F_DEV",
            "is_managed": false,
            "is_transient": false,
            "name": "SC_HR_F_DEV",
            "tag": []
          },
          "sensitive_attributes": [],
          "private": "bnVsbA==",
          "dependencies": [
            "snowflake_database.BD_HR_DEV"
          ]
        }
      ]
    },
    {
      "mode": "managed",
      "type": "snowflake_schema",
      "name": "SC_HR_F_PRO",
      "provider": "provider[\"registry.terraform.io/snowflake-labs/snowflake\"]",
      "instances": [
        {
          "schema_version": 0,
          "attributes": {
            "comment": "This is the schema for F of DB-PRO",
            "data_retention_days": 4,
            "database": "BD_HR_PRO",
            "id": "BD_HR_PRO|SC_HR_F_PRO",
            "is_managed": false,
            "is_transient": false,
            "name": "SC_HR_F_PRO",
            "tag": []
          },
          "sensitive_attributes": [],
          "private": "bnVsbA==",
          "dependencies": [
            "snowflake_database.BD_HR_PRO"
          ]
        }
      ]
    },
    {
      "mode": "managed",
      "type": "snowflake_schema",
      "name": "SC_HR_M_DEV",
      "provider": "provider[\"registry.terraform.io/snowflake-labs/snowflake\"]",
      "instances": [
        {
          "schema_version": 0,
          "attributes": {
            "comment": "This is the schema for M of DB-DEV",
            "data_retention_days": 2,
            "database": "BD_HR_DEV",
            "id": "BD_HR_DEV|SC_HR_M_DEV",
            "is_managed": false,
            "is_transient": false,
            "name": "SC_HR_M_DEV",
            "tag": []
          },
          "sensitive_attributes": [],
          "private": "bnVsbA==",
          "dependencies": [
            "snowflake_database.BD_HR_DEV"
          ]
        }
      ]
    },
    {
      "mode": "managed",
      "type": "snowflake_schema",
      "name": "SC_HR_M_PRO",
      "provider": "provider[\"registry.terraform.io/snowflake-labs/snowflake\"]",
      "instances": [
        {
          "schema_version": 0,
          "attributes": {
            "comment": "This is the schema for M of DB-PRO",
            "data_retention_days": 4,
            "database": "BD_HR_PRO",
            "id": "BD_HR_PRO|SC_HR_M_PRO",
            "is_managed": false,
            "is_transient": false,
            "name": "SC_HR_M_PRO",
            "tag": []
          },
          "sensitive_attributes": [],
          "private": "bnVsbA==",
          "dependencies": [
            "snowflake_database.BD_HR_PRO"
          ]
        }
      ]
    },
    {
      "mode": "managed",
      "type": "snowflake_table",
      "name": "TB_HR_F_DEV",
      "provider": "provider[\"registry.terraform.io/snowflake-labs/snowflake\"]",
      "instances": [
        {
          "schema_version": 0,
          "attributes": {
            "change_tracking": false,
            "cluster_by": null,
            "column": [
              {
                "comment": "",
                "default": [],
                "identity": [],
                "masking_policy": "",
                "name": "Name",
                "nullable": false,
                "type": "VARCHAR(16777216)"
              },
              {
                "comment": "",
                "default": [],
                "identity": [],
                "masking_policy": "",
                "name": "Identity",
                "nullable": true,
                "type": "VARCHAR(16777216)"
              },
              {
                "comment": "",
                "default": [],
                "identity": [],
                "masking_policy": "",
                "name": "Publisher",
                "nullable": true,
                "type": "VARCHAR(16777216)"
              },
              {
                "comment": "",
                "default": [],
                "identity": [],
                "masking_policy": "",
                "name": "Gender",
                "nullable": true,
                "type": "VARCHAR(16777216)"
              },
              {
                "comment": "",
                "default": [],
                "identity": [],
                "masking_policy": "",
                "name": "First appearance",
                "nullable": true,
                "type": "VARCHAR(16777216)"
              },
              {
                "comment": "",
                "default": [],
                "identity": [],
                "masking_policy": "",
                "name": "Eye color",
                "nullable": true,
                "type": "VARCHAR(16777216)"
              },
              {
                "comment": "",
                "default": [],
                "identity": [],
                "masking_policy": "",
                "name": "Hair color",
                "nullable": true,
                "type": "VARCHAR(16777216)"
              },
              {
                "comment": "",
                "default": [],
                "identity": [],
                "masking_policy": "",
                "name": "Strength",
                "nullable": true,
                "type": "NUMBER(38,0)"
              },
              {
                "comment": "",
                "default": [],
                "identity": [],
                "masking_policy": "",
                "name": "Intelligence",
                "nullable": true,
                "type": "VARCHAR(16777216)"
              }
            ],
            "comment": "This is the table of SC-F of DEV",
            "data_retention_days": null,
            "data_retention_time_in_days": null,
            "database": "BD_HR_DEV",
            "id": "BD_HR_DEV|SC_HR_F_DEV|TB_HR_F_DEV",
            "name": "TB_HR_F_DEV",
            "owner": "ACCOUNTADMIN",
            "primary_key": [],
            "qualified_name": "\"BD_HR_DEV\".\"SC_HR_F_DEV\".\"TB_HR_F_DEV\"",
            "schema": "SC_HR_F_DEV",
            "tag": []
          },
          "sensitive_attributes": [],
          "private": "bnVsbA==",
          "dependencies": [
            "snowflake_database.BD_HR_DEV",
            "snowflake_schema.SC_HR_F_DEV"
          ]
        }
      ]
    },
    {
      "mode": "managed",
      "type": "snowflake_table",
      "name": "TB_HR_F_PRO",
      "provider": "provider[\"registry.terraform.io/snowflake-labs/snowflake\"]",
      "instances": [
        {
          "schema_version": 0,
          "attributes": {
            "change_tracking": false,
            "cluster_by": null,
            "column": [
              {
                "comment": "",
                "default": [],
                "identity": [],
                "masking_policy": "",
                "name": "Name",
                "nullable": false,
                "type": "VARCHAR(16777216)"
              },
              {
                "comment": "",
                "default": [],
                "identity": [],
                "masking_policy": "",
                "name": "Identity",
                "nullable": true,
                "type": "VARCHAR(16777216)"
              },
              {
                "comment": "",
                "default": [],
                "identity": [],
                "masking_policy": "",
                "name": "Publisher",
                "nullable": true,
                "type": "VARCHAR(16777216)"
              },
              {
                "comment": "",
                "default": [],
                "identity": [],
                "masking_policy": "",
                "name": "Gender",
                "nullable": true,
                "type": "VARCHAR(16777216)"
              },
              {
                "comment": "",
                "default": [],
                "identity": [],
                "masking_policy": "",
                "name": "First appearance",
                "nullable": true,
                "type": "VARCHAR(16777216)"
              },
              {
                "comment": "",
                "default": [],
                "identity": [],
                "masking_policy": "",
                "name": "Eye color",
                "nullable": true,
                "type": "VARCHAR(16777216)"
              },
              {
                "comment": "",
                "default": [],
                "identity": [],
                "masking_policy": "",
                "name": "Hair color",
                "nullable": true,
                "type": "VARCHAR(16777216)"
              },
              {
                "comment": "",
                "default": [],
                "identity": [],
                "masking_policy": "",
                "name": "Strength",
                "nullable": true,
                "type": "NUMBER(38,0)"
              },
              {
                "comment": "",
                "default": [],
                "identity": [],
                "masking_policy": "",
                "name": "Intelligence",
                "nullable": true,
                "type": "VARCHAR(16777216)"
              }
            ],
            "comment": "This is the table of SC-F of PRO",
            "data_retention_days": null,
            "data_retention_time_in_days": null,
            "database": "BD_HR_PRO",
            "id": "BD_HR_PRO|SC_HR_F_PRO|TB_HR_F_PRO",
            "name": "TB_HR_F_PRO",
            "owner": "ACCOUNTADMIN",
            "primary_key": [],
            "qualified_name": "\"BD_HR_PRO\".\"SC_HR_F_PRO\".\"TB_HR_F_PRO\"",
            "schema": "SC_HR_F_PRO",
            "tag": []
          },
          "sensitive_attributes": [],
          "private": "bnVsbA==",
          "dependencies": [
            "snowflake_database.BD_HR_PRO",
            "snowflake_schema.SC_HR_F_PRO"
          ]
        }
      ]
    },
    {
      "mode": "managed",
      "type": "snowflake_table",
      "name": "TB_HR_M_DEV",
      "provider": "provider[\"registry.terraform.io/snowflake-labs/snowflake\"]",
      "instances": [
        {
          "schema_version": 0,
          "attributes": {
            "change_tracking": false,
            "cluster_by": null,
            "column": [
              {
                "comment": "",
                "default": [],
                "identity": [],
                "masking_policy": "",
                "name": "Name",
                "nullable": false,
                "type": "VARCHAR(16777216)"
              },
              {
                "comment": "",
                "default": [],
                "identity": [],
                "masking_policy": "",
                "name": "Identity",
                "nullable": true,
                "type": "VARCHAR(16777216)"
              },
              {
                "comment": "",
                "default": [],
                "identity": [],
                "masking_policy": "",
                "name": "Publisher",
                "nullable": true,
                "type": "VARCHAR(16777216)"
              },
              {
                "comment": "",
                "default": [],
                "identity": [],
                "masking_policy": "",
                "name": "Gender",
                "nullable": true,
                "type": "VARCHAR(16777216)"
              },
              {
                "comment": "",
                "default": [],
                "identity": [],
                "masking_policy": "",
                "name": "First appearance",
                "nullable": true,
                "type": "VARCHAR(16777216)"
              },
              {
                "comment": "",
                "default": [],
                "identity": [],
                "masking_policy": "",
                "name": "Eye color",
                "nullable": true,
                "type": "VARCHAR(16777216)"
              },
              {
                "comment": "",
                "default": [],
                "identity": [],
                "masking_policy": "",
                "name": "Hair color",
                "nullable": true,
                "type": "VARCHAR(16777216)"
              },
              {
                "comment": "",
                "default": [],
                "identity": [],
                "masking_policy": "",
                "name": "Strength",
                "nullable": true,
                "type": "NUMBER(38,0)"
              },
              {
                "comment": "",
                "default": [],
                "identity": [],
                "masking_policy": "",
                "name": "Intelligence",
                "nullable": true,
                "type": "VARCHAR(16777216)"
              }
            ],
            "comment": "This is the table of SC-M of DEV",
            "data_retention_days": null,
            "data_retention_time_in_days": null,
            "database": "BD_HR_DEV",
            "id": "BD_HR_DEV|SC_HR_M_DEV|TB_HR_M_DEV",
            "name": "TB_HR_M_DEV",
            "owner": "ACCOUNTADMIN",
            "primary_key": [],
            "qualified_name": "\"BD_HR_DEV\".\"SC_HR_M_DEV\".\"TB_HR_M_DEV\"",
            "schema": "SC_HR_M_DEV",
            "tag": []
          },
          "sensitive_attributes": [],
          "private": "bnVsbA==",
          "dependencies": [
            "snowflake_database.BD_HR_DEV",
            "snowflake_schema.SC_HR_M_DEV"
          ]
        }
      ]
    },
    {
      "mode": "managed",
      "type": "snowflake_table",
      "name": "TB_HR_M_PRO",
      "provider": "provider[\"registry.terraform.io/snowflake-labs/snowflake\"]",
      "instances": [
        {
          "schema_version": 0,
          "attributes": {
            "change_tracking": false,
            "cluster_by": null,
            "column": [
              {
                "comment": "",
                "default": [],
                "identity": [],
                "masking_policy": "",
                "name": "Name",
                "nullable": false,
                "type": "VARCHAR(16777216)"
              },
              {
                "comment": "",
                "default": [],
                "identity": [],
                "masking_policy": "",
                "name": "Identity",
                "nullable": true,
                "type": "VARCHAR(16777216)"
              },
              {
                "comment": "",
                "default": [],
                "identity": [],
                "masking_policy": "",
                "name": "Publisher",
                "nullable": true,
                "type": "VARCHAR(16777216)"
              },
              {
                "comment": "",
                "default": [],
                "identity": [],
                "masking_policy": "",
                "name": "Gender",
                "nullable": true,
                "type": "VARCHAR(16777216)"
              },
              {
                "comment": "",
                "default": [],
                "identity": [],
                "masking_policy": "",
                "name": "First appearance",
                "nullable": true,
                "type": "VARCHAR(16777216)"
              },
              {
                "comment": "",
                "default": [],
                "identity": [],
                "masking_policy": "",
                "name": "Eye color",
                "nullable": true,
                "type": "VARCHAR(16777216)"
              },
              {
                "comment": "",
                "default": [],
                "identity": [],
                "masking_policy": "",
                "name": "Hair color",
                "nullable": true,
                "type": "VARCHAR(16777216)"
              },
              {
                "comment": "",
                "default": [],
                "identity": [],
                "masking_policy": "",
                "name": "Strength",
                "nullable": true,
                "type": "NUMBER(38,0)"
              },
              {
                "comment": "",
                "default": [],
                "identity": [],
                "masking_policy": "",
                "name": "Intelligence",
                "nullable": true,
                "type": "VARCHAR(16777216)"
              }
            ],
            "comment": "This is the table of SC-M of PRO",
            "data_retention_days": null,
            "data_retention_time_in_days": null,
            "database": "BD_HR_PRO",
            "id": "BD_HR_PRO|SC_HR_M_PRO|TB_HR_M_PRO",
            "name": "TB_HR_M_PRO",
            "owner": "ACCOUNTADMIN",
            "primary_key": [],
            "qualified_name": "\"BD_HR_PRO\".\"SC_HR_M_PRO\".\"TB_HR_M_PRO\"",
            "schema": "SC_HR_M_PRO",
            "tag": []
          },
          "sensitive_attributes": [],
          "private": "bnVsbA==",
          "dependencies": [
            "snowflake_database.BD_HR_PRO",
            "snowflake_schema.SC_HR_M_PRO"
          ]
        }
      ]
    },
    {
      "mode": "managed",
      "type": "snowflake_user",
      "name": "JOHNNY",
      "provider": "provider[\"registry.terraform.io/snowflake-labs/snowflake\"]",
      "instances": [
        {
          "schema_version": 0,
          "attributes": {
            "comment": "Johnny is a Data Analyst",
            "default_namespace": "",
            "default_role": "",
            "default_secondary_roles": null,
            "default_warehouse": "",
            "disabled": false,
            "display_name": "JOHNNY",
            "email": "johnny@heroes.com",
            "first_name": "",
            "has_rsa_public_key": false,
            "id": "JOHNNY",
            "last_name": "",
            "login_name": "JOHNNY",
            "must_change_password": true,
            "name": "JOHNNY",
            "password": "V3ry$3cr3t",
            "rsa_public_key": null,
            "rsa_public_key_2": null
          },
          "sensitive_attributes": [
            [
              {
                "type": "get_attr",
                "value": "password"
              }
            ]
          ],
          "private": "bnVsbA=="
        }
      ]
    },
    {
      "mode": "managed",
      "type": "snowflake_user",
      "name": "MIKE",
      "provider": "provider[\"registry.terraform.io/snowflake-labs/snowflake\"]",
      "instances": [
        {
          "schema_version": 0,
          "attributes": {
            "comment": "Mike is a Platform Administrator",
            "default_namespace": "",
            "default_role": "",
            "default_secondary_roles": null,
            "default_warehouse": "",
            "disabled": false,
            "display_name": "MIKE",
            "email": "mike@heroes.com",
            "first_name": "",
            "has_rsa_public_key": false,
            "id": "MIKE",
            "last_name": "",
            "login_name": "MIKE",
            "must_change_password": true,
            "name": "MIKE",
            "password": "V3ry$3cr3t",
            "rsa_public_key": null,
            "rsa_public_key_2": null
          },
          "sensitive_attributes": [
            [
              {
                "type": "get_attr",
                "value": "password"
              }
            ]
          ],
          "private": "bnVsbA=="
        }
      ]
    },
    {
      "mode": "managed",
      "type": "snowflake_user",
      "name": "SARAH",
      "provider": "provider[\"registry.terraform.io/snowflake-labs/snowflake\"]",
      "instances": [
        {
          "schema_version": 0,
          "attributes": {
            "comment": "Johnny is a Developer",
            "default_namespace": "",
            "default_role": "",
            "default_secondary_roles": null,
            "default_warehouse": "",
            "disabled": false,
            "display_name": "SARAH",
            "email": "sarah@heroes.com",
            "first_name": "",
            "has_rsa_public_key": false,
            "id": "SARAH",
            "last_name": "",
            "login_name": "SARAH",
            "must_change_password": true,
            "name": "SARAH",
            "password": "V3ry$3cr3t",
            "rsa_public_key": null,
            "rsa_public_key_2": null
          },
          "sensitive_attributes": [
            [
              {
                "type": "get_attr",
                "value": "password"
              }
            ]
          ],
          "private": "bnVsbA=="
        }
      ]
    },
    {
      "mode": "managed",
      "type": "snowflake_warehouse",
      "name": "WH_DEV",
      "provider": "provider[\"registry.terraform.io/snowflake-labs/snowflake\"]",
      "instances": [
        {
          "schema_version": 0,
          "attributes": {
            "auto_resume": true,
            "auto_suspend": 300,
            "comment": "This warehouse is create for all queries of DEV environment",
            "enable_query_acceleration": false,
            "id": "WH_DEV",
            "initially_suspended": null,
            "max_cluster_count": 6,
            "max_concurrency_level": 8,
            "min_cluster_count": 1,
            "name": "WH_DEV",
            "query_acceleration_max_scale_factor": 8,
            "resource_monitor": "null",
            "scaling_policy": "STANDARD",
            "statement_queued_timeout_in_seconds": 0,
            "statement_timeout_in_seconds": 172800,
            "wait_for_provisioning": null,
            "warehouse_size": "XSMALL",
            "warehouse_type": "STANDARD"
          },
          "sensitive_attributes": [],
          "private": "bnVsbA=="
        }
      ]
    },
    {
      "mode": "managed",
      "type": "snowflake_warehouse",
      "name": "WH_PRO",
      "provider": "provider[\"registry.terraform.io/snowflake-labs/snowflake\"]",
      "instances": [
        {
          "schema_version": 0,
          "attributes": {
            "auto_resume": true,
            "auto_suspend": 300,
            "comment": "This warehouse is create for all queries of PRO environment",
            "enable_query_acceleration": false,
            "id": "WH_PRO",
            "initially_suspended": null,
            "max_cluster_count": 7,
            "max_concurrency_level": 8,
            "min_cluster_count": 3,
            "name": "WH_PRO",
            "query_acceleration_max_scale_factor": 8,
            "resource_monitor": "null",
            "scaling_policy": "STANDARD",
            "statement_queued_timeout_in_seconds": 0,
            "statement_timeout_in_seconds": 172800,
            "wait_for_provisioning": null,
            "warehouse_size": "SMALL",
            "warehouse_type": "STANDARD"
          },
          "sensitive_attributes": [],
          "private": "bnVsbA=="
        }
      ]
    }
  ],
  "check_results": null
}
